
Microsoft Visual Studio Solution File, Format Version 12.00
# Visual Studio Version 17
VisualStudioVersion = 17.13.35825.156
MinimumVisualStudioVersion = 10.0.40219.1
Project("{FAE04EC0-301F-11D3-BF4B-00C04F79EFBC}") = "AppHost", "Aspire\AppHost\AppHost.csproj", "{3E5AD31D-09E4-402E-BA72-4147C320F556}"
EndProject
Project("{FAE04EC0-301F-11D3-BF4B-00C04F79EFBC}") = "ServiceDefaults", "Aspire\ServiceDefaults\ServiceDefaults.csproj", "{BEB3E2FA-E4F6-A271-A0B5-3605A1C52FA8}"
EndProject
Project("{2150E333-8FDC-42A3-9474-1A3956D46DE8}") = "Aspire", "Aspire", "{F3A3B3C3-D3E3-F3A3-B3C3-D3E3F3A3B3C3}"
EndProject
Project("{FAE04EC0-301F-11D3-BF4B-00C04F79EFBC}") = "Presentation", "Tabula\Presentation\Presentation.csproj", "{73FCBAC3-931A-4506-8F91-201D6FB73ACF}"
EndProject
Project("{FAE04EC0-301F-11D3-BF4B-00C04F79EFBC}") = "Legacy.Identity", "Identity\Legacy.Identity\Legacy.Identity.csproj", "{D35C48A4-4B33-424E-81EC-2AB1CE592434}"
EndProject
Project("{FAE04EC0-301F-11D3-BF4B-00C04F79EFBC}") = "Domain", "Tabula\Domain\Domain.csproj", "{6E930CA9-8BEB-4B58-8D67-FEFA638D9E4C}"
EndProject
Project("{FAE04EC0-301F-11D3-BF4B-00C04F79EFBC}") = "Application", "Tabula\Application\Application.csproj", "{356B8C60-8176-40AA-AE8C-69FAB689EEC4}"
EndProject
Project("{FAE04EC0-301F-11D3-BF4B-00C04F79EFBC}") = "Infrastructure", "Tabula\Infrastructure\Infrastructure.csproj", "{F650820A-8F40-4843-9A4C-E9FB391DE10E}"
EndProject
Project("{2150E333-8FDC-42A3-9474-1A3956D46DE8}") = "Identity", "Identity", "{3C49D383-EA16-4A8F-A2D4-65231E3A0072}"
EndProject
Project("{2150E333-8FDC-42A3-9474-1A3956D46DE8}") = "Tabula", "Tabula", "{489D7EB9-8A43-4A05-8810-E36C3E76C5B6}"
EndProject
Project("{2150E333-8FDC-42A3-9474-1A3956D46DE8}") = "src", "src", "{E3657512-89C3-48C0-BA4C-98CE5EA61F09}"
EndProject
Project("{2150E333-8FDC-42A3-9474-1A3956D46DE8}") = "tests", "tests", "{C663800F-B8FB-4277-A2E5-8E793141CF61}"
EndProject
Project("{2150E333-8FDC-42A3-9474-1A3956D46DE8}") = "src", "src", "{02152C1C-E22D-460A-AB2E-65D140254570}"
EndProject
Project("{2150E333-8FDC-42A3-9474-1A3956D46DE8}") = "tests", "tests", "{2F83DADF-7B24-446E-BECB-814519C8063A}"
EndProject
Global
	GlobalSection(SolutionConfigurationPlatforms) = preSolution
		Debug|Any CPU = Debug|Any CPU
		Debug|x64 = Debug|x64
		Debug|x86 = Debug|x86
		Release|Any CPU = Release|Any CPU
		Release|x64 = Release|x64
		Release|x86 = Release|x86
	EndGlobalSection
	GlobalSection(ProjectConfigurationPlatforms) = postSolution
		{3E5AD31D-09E4-402E-BA72-4147C320F556}.Debug|Any CPU.ActiveCfg = Debug|Any CPU
		{3E5AD31D-09E4-402E-BA72-4147C320F556}.Debug|Any CPU.Build.0 = Debug|Any CPU
		{3E5AD31D-09E4-402E-BA72-4147C320F556}.Debug|x64.ActiveCfg = Debug|Any CPU
		{3E5AD31D-09E4-402E-BA72-4147C320F556}.Debug|x64.Build.0 = Debug|Any CPU
		{3E5AD31D-09E4-402E-BA72-4147C320F556}.Debug|x86.ActiveCfg = Debug|Any CPU
		{3E5AD31D-09E4-402E-BA72-4147C320F556}.Debug|x86.Build.0 = Debug|Any CPU
		{3E5AD31D-09E4-402E-BA72-4147C320F556}.Release|Any CPU.ActiveCfg = Release|Any CPU
		{3E5AD31D-09E4-402E-BA72-4147C320F556}.Release|Any CPU.Build.0 = Release|Any CPU
		{3E5AD31D-09E4-402E-BA72-4147C320F556}.Release|x64.ActiveCfg = Release|Any CPU
		{3E5AD31D-09E4-402E-BA72-4147C320F556}.Release|x64.Build.0 = Release|Any CPU
		{3E5AD31D-09E4-402E-BA72-4147C320F556}.Release|x86.ActiveCfg = Release|Any CPU
		{3E5AD31D-09E4-402E-BA72-4147C320F556}.Release|x86.Build.0 = Release|Any CPU
		{BEB3E2FA-E4F6-A271-A0B5-3605A1C52FA8}.Debug|Any CPU.ActiveCfg = Debug|Any CPU
		{BEB3E2FA-E4F6-A271-A0B5-3605A1C52FA8}.Debug|Any CPU.Build.0 = Debug|Any CPU
		{BEB3E2FA-E4F6-A271-A0B5-3605A1C52FA8}.Debug|x64.ActiveCfg = Debug|Any CPU
		{BEB3E2FA-E4F6-A271-A0B5-3605A1C52FA8}.Debug|x64.Build.0 = Debug|Any CPU
		{BEB3E2FA-E4F6-A271-A0B5-3605A1C52FA8}.Debug|x86.ActiveCfg = Debug|Any CPU
		{BEB3E2FA-E4F6-A271-A0B5-3605A1C52FA8}.Debug|x86.Build.0 = Debug|Any CPU
		{BEB3E2FA-E4F6-A271-A0B5-3605A1C52FA8}.Release|Any CPU.ActiveCfg = Release|Any CPU
		{BEB3E2FA-E4F6-A271-A0B5-3605A1C52FA8}.Release|Any CPU.Build.0 = Release|Any CPU
		{BEB3E2FA-E4F6-A271-A0B5-3605A1C52FA8}.Release|x64.ActiveCfg = Release|Any CPU
		{BEB3E2FA-E4F6-A271-A0B5-3605A1C52FA8}.Release|x64.Build.0 = Release|Any CPU
		{BEB3E2FA-E4F6-A271-A0B5-3605A1C52FA8}.Release|x86.ActiveCfg = Release|Any CPU
		{BEB3E2FA-E4F6-A271-A0B5-3605A1C52FA8}.Release|x86.Build.0 = Release|Any CPU
		{73FCBAC3-931A-4506-8F91-201D6FB73ACF}.Debug|Any CPU.ActiveCfg = Debug|Any CPU
		{73FCBAC3-931A-4506-8F91-201D6FB73ACF}.Debug|Any CPU.Build.0 = Debug|Any CPU
		{73FCBAC3-931A-4506-8F91-201D6FB73ACF}.Debug|x64.ActiveCfg = Debug|Any CPU
		{73FCBAC3-931A-4506-8F91-201D6FB73ACF}.Debug|x64.Build.0 = Debug|Any CPU
		{73FCBAC3-931A-4506-8F91-201D6FB73ACF}.Debug|x86.ActiveCfg = Debug|Any CPU
		{73FCBAC3-931A-4506-8F91-201D6FB73ACF}.Debug|x86.Build.0 = Debug|Any CPU
		{73FCBAC3-931A-4506-8F91-201D6FB73ACF}.Release|Any CPU.ActiveCfg = Release|Any CPU
		{73FCBAC3-931A-4506-8F91-201D6FB73ACF}.Release|Any CPU.Build.0 = Release|Any CPU
		{73FCBAC3-931A-4506-8F91-201D6FB73ACF}.Release|x64.ActiveCfg = Release|Any CPU
		{73FCBAC3-931A-4506-8F91-201D6FB73ACF}.Release|x64.Build.0 = Release|Any CPU
		{73FCBAC3-931A-4506-8F91-201D6FB73ACF}.Release|x86.ActiveCfg = Release|Any CPU
		{73FCBAC3-931A-4506-8F91-201D6FB73ACF}.Release|x86.Build.0 = Release|Any CPU
		{D35C48A4-4B33-424E-81EC-2AB1CE592434}.Debug|Any CPU.ActiveCfg = Debug|Any CPU
		{D35C48A4-4B33-424E-81EC-2AB1CE592434}.Debug|Any CPU.Build.0 = Debug|Any CPU
		{D35C48A4-4B33-424E-81EC-2AB1CE592434}.Debug|x64.ActiveCfg = Debug|Any CPU
		{D35C48A4-4B33-424E-81EC-2AB1CE592434}.Debug|x64.Build.0 = Debug|Any CPU
		{D35C48A4-4B33-424E-81EC-2AB1CE592434}.Debug|x86.ActiveCfg = Debug|Any CPU
		{D35C48A4-4B33-424E-81EC-2AB1CE592434}.Debug|x86.Build.0 = Debug|Any CPU
		{D35C48A4-4B33-424E-81EC-2AB1CE592434}.Release|Any CPU.ActiveCfg = Release|Any CPU
		{D35C48A4-4B33-424E-81EC-2AB1CE592434}.Release|Any CPU.Build.0 = Release|Any CPU
		{D35C48A4-4B33-424E-81EC-2AB1CE592434}.Release|x64.ActiveCfg = Release|Any CPU
		{D35C48A4-4B33-424E-81EC-2AB1CE592434}.Release|x64.Build.0 = Release|Any CPU
		{D35C48A4-4B33-424E-81EC-2AB1CE592434}.Release|x86.ActiveCfg = Release|Any CPU
		{D35C48A4-4B33-424E-81EC-2AB1CE592434}.Release|x86.Build.0 = Release|Any CPU
		{6E930CA9-8BEB-4B58-8D67-FEFA638D9E4C}.Debug|Any CPU.ActiveCfg = Debug|Any CPU
		{6E930CA9-8BEB-4B58-8D67-FEFA638D9E4C}.Debug|Any CPU.Build.0 = Debug|Any CPU
		{6E930CA9-8BEB-4B58-8D67-FEFA638D9E4C}.Debug|x64.ActiveCfg = Debug|Any CPU
		{6E930CA9-8BEB-4B58-8D67-FEFA638D9E4C}.Debug|x64.Build.0 = Debug|Any CPU
		{6E930CA9-8BEB-4B58-8D67-FEFA638D9E4C}.Debug|x86.ActiveCfg = Debug|Any CPU
		{6E930CA9-8BEB-4B58-8D67-FEFA638D9E4C}.Debug|x86.Build.0 = Debug|Any CPU
		{6E930CA9-8BEB-4B58-8D67-FEFA638D9E4C}.Release|Any CPU.ActiveCfg = Release|Any CPU
		{6E930CA9-8BEB-4B58-8D67-FEFA638D9E4C}.Release|Any CPU.Build.0 = Release|Any CPU
		{6E930CA9-8BEB-4B58-8D67-FEFA638D9E4C}.Release|x64.ActiveCfg = Release|Any CPU
		{6E930CA9-8BEB-4B58-8D67-FEFA638D9E4C}.Release|x64.Build.0 = Release|Any CPU
		{6E930CA9-8BEB-4B58-8D67-FEFA638D9E4C}.Release|x86.ActiveCfg = Release|Any CPU
		{6E930CA9-8BEB-4B58-8D67-FEFA638D9E4C}.Release|x86.Build.0 = Release|Any CPU
		{356B8C60-8176-40AA-AE8C-69FAB689EEC4}.Debug|Any CPU.ActiveCfg = Debug|Any CPU
		{356B8C60-8176-40AA-AE8C-69FAB689EEC4}.Debug|Any CPU.Build.0 = Debug|Any CPU
		{356B8C60-8176-40AA-AE8C-69FAB689EEC4}.Debug|x64.ActiveCfg = Debug|Any CPU
		{356B8C60-8176-40AA-AE8C-69FAB689EEC4}.Debug|x64.Build.0 = Debug|Any CPU
		{356B8C60-8176-40AA-AE8C-69FAB689EEC4}.Debug|x86.ActiveCfg = Debug|Any CPU
		{356B8C60-8176-40AA-AE8C-69FAB689EEC4}.Debug|x86.Build.0 = Debug|Any CPU
		{356B8C60-8176-40AA-AE8C-69FAB689EEC4}.Release|Any CPU.ActiveCfg = Release|Any CPU
		{356B8C60-8176-40AA-AE8C-69FAB689EEC4}.Release|Any CPU.Build.0 = Release|Any CPU
		{356B8C60-8176-40AA-AE8C-69FAB689EEC4}.Release|x64.ActiveCfg = Release|Any CPU
		{356B8C60-8176-40AA-AE8C-69FAB689EEC4}.Release|x64.Build.0 = Release|Any CPU
		{356B8C60-8176-40AA-AE8C-69FAB689EEC4}.Release|x86.ActiveCfg = Release|Any CPU
		{356B8C60-8176-40AA-AE8C-69FAB689EEC4}.Release|x86.Build.0 = Release|Any CPU
		{F650820A-8F40-4843-9A4C-E9FB391DE10E}.Debug|Any CPU.ActiveCfg = Debug|Any CPU
		{F650820A-8F40-4843-9A4C-E9FB391DE10E}.Debug|Any CPU.Build.0 = Debug|Any CPU
		{F650820A-8F40-4843-9A4C-E9FB391DE10E}.Debug|x64.ActiveCfg = Debug|Any CPU
		{F650820A-8F40-4843-9A4C-E9FB391DE10E}.Debug|x64.Build.0 = Debug|Any CPU
		{F650820A-8F40-4843-9A4C-E9FB391DE10E}.Debug|x86.ActiveCfg = Debug|Any CPU
		{F650820A-8F40-4843-9A4C-E9FB391DE10E}.Debug|x86.Build.0 = Debug|Any CPU
		{F650820A-8F40-4843-9A4C-E9FB391DE10E}.Release|Any CPU.ActiveCfg = Release|Any CPU
		{F650820A-8F40-4843-9A4C-E9FB391DE10E}.Release|Any CPU.Build.0 = Release|Any CPU
		{F650820A-8F40-4843-9A4C-E9FB391DE10E}.Release|x64.ActiveCfg = Release|Any CPU
		{F650820A-8F40-4843-9A4C-E9FB391DE10E}.Release|x64.Build.0 = Release|Any CPU
		{F650820A-8F40-4843-9A4C-E9FB391DE10E}.Release|x86.ActiveCfg = Release|Any CPU
		{F650820A-8F40-4843-9A4C-E9FB391DE10E}.Release|x86.Build.0 = Release|Any CPU
	EndGlobalSection
	GlobalSection(SolutionProperties) = preSolution
		HideSolutionNode = FALSE
	EndGlobalSection
	GlobalSection(NestedProjects) = preSolution
		{3E5AD31D-09E4-402E-BA72-4147C320F556} = {F3A3B3C3-D3E3-F3A3-B3C3-D3E3F3A3B3C3}
		{BEB3E2FA-E4F6-A271-A0B5-3605A1C52FA8} = {F3A3B3C3-D3E3-F3A3-B3C3-D3E3F3A3B3C3}
		{E3657512-89C3-48C0-BA4C-98CE5EA61F09} = {489D7EB9-8A43-4A05-8810-E36C3E76C5B6}
		{356B8C60-8176-40AA-AE8C-69FAB689EEC4} = {E3657512-89C3-48C0-BA4C-98CE5EA61F09}
		{6E930CA9-8BEB-4B58-8D67-FEFA638D9E4C} = {E3657512-89C3-48C0-BA4C-98CE5EA61F09}
		{F650820A-8F40-4843-9A4C-E9FB391DE10E} = {E3657512-89C3-48C0-BA4C-98CE5EA61F09}
		{73FCBAC3-931A-4506-8F91-201D6FB73ACF} = {E3657512-89C3-48C0-BA4C-98CE5EA61F09}
		{C663800F-B8FB-4277-A2E5-8E793141CF61} = {489D7EB9-8A43-4A05-8810-E36C3E76C5B6}
		{02152C1C-E22D-460A-AB2E-65D140254570} = {3C49D383-EA16-4A8F-A2D4-65231E3A0072}
		{D35C48A4-4B33-424E-81EC-2AB1CE592434} = {02152C1C-E22D-460A-AB2E-65D140254570}
		{2F83DADF-7B24-446E-BECB-814519C8063A} = {3C49D383-EA16-4A8F-A2D4-65231E3A0072}
	EndGlobalSection
	GlobalSection(ExtensibilityGlobals) = postSolution
		SolutionGuid = {4E41CC3D-BF50-42B5-98D2-3AD26444A7D0}
	EndGlobalSection
EndGlobal
